
Microsoft Visual Studio Solution File, Format Version 12.00
# Visual Studio 14
VisualStudioVersion = 14.0.25420.1
MinimumVisualStudioVersion = 10.0.40219.1
Project("{FAE04EC0-301F-11D3-BF4B-00C04F79EFBC}") = "BluetoothDemo", "BluetoothDemo\BluetoothDemo.csproj", "{2739DF47-82BB-498F-947D-2B888EBEE738}"
EndProject
Project("{FAE04EC0-301F-11D3-BF4B-00C04F79EFBC}") = "UnitTests", "UnitTests\UnitTests.csproj", "{99A2EC50-A905-401C-B40E-9A222067685B}"
EndProject
Global
	GlobalSection(SolutionConfigurationPlatforms) = preSolution
		Debug|Any CPU = Debug|Any CPU
		Release|Any CPU = Release|Any CPU
	EndGlobalSection
	GlobalSection(ProjectConfigurationPlatforms) = postSolution
		{2739DF47-82BB-498F-947D-2B888EBEE738}.Debug|Any CPU.ActiveCfg = Debug|Any CPU
		{2739DF47-82BB-498F-947D-2B888EBEE738}.Debug|Any CPU.Build.0 = Debug|Any CPU
		{2739DF47-82BB-498F-947D-2B888EBEE738}.Release|Any CPU.ActiveCfg = Release|Any CPU
		{2739DF47-82BB-498F-947D-2B888EBEE738}.Release|Any CPU.Build.0 = Release|Any CPU
		{99A2EC50-A905-401C-B40E-9A222067685B}.Debug|Any CPU.ActiveCfg = Debug|Any CPU
		{99A2EC50-A905-401C-B40E-9A222067685B}.Debug|Any CPU.Build.0 = Debug|Any CPU
		{99A2EC50-A905-401C-B40E-9A222067685B}.Release|Any CPU.ActiveCfg = Release|Any CPU
		{99A2EC50-A905-401C-B40E-9A222067685B}.Release|Any CPU.Build.0 = Release|Any CPU
	EndGlobalSection
	GlobalSection(SolutionProperties) = preSolution
		HideSolutionNode = FALSE
	EndGlobalSection
EndGlobal
